{
  "name": "app",
  "version": "1.0.0",
  "lockfileVersion": 3,
  "requires": true,
  "packages": {
    "": {
      "name": "app",
      "version": "1.0.0",
      "license": "ISC",
      "dependencies": {
        "dice-coefficient": "^2.1.1",
        "munkres": "^2.1.1"
      }
    },
    "node_modules/dice-coefficient": {
      "version": "2.1.1",
      "resolved": "https://registry.npmjs.org/dice-coefficient/-/dice-coefficient-2.1.1.tgz",
      "integrity": "sha512-vPTcHmOQAuGvU6eyBtj7QCBwDJh2I7QpbBU51lbgfv7592KjBl6dm0baRBSh9ekt2X91MNAz7OpJrXCIUtDzlw==",
      "license": "MIT",
      "dependencies": {
        "n-gram": "^2.0.0"
      },
      "bin": {
        "dice-coefficient": "cli.js"
      },
      "funding": {
        "type": "github",
        "url": "https://github.com/sponsors/wooorm"
      }
    },
    "node_modules/munkres": {
      "version": "2.1.1",
      "resolved": "https://registry.npmjs.org/munkres/-/munkres-2.1.1.tgz",
      "integrity": "sha512-FK4ka5AkWePXQZUDQVv8ejYEiOGvOXayGylZPmLAKGJMEnJLFVE8U7Dd5w8Yufqtnn5aymleBoQYBly0TPzuzQ==",
      "license": "MIT",
      "engines": {
        "node": ">= 18"
      }
    },
    "node_modules/n-gram": {
      "version": "2.0.2",
      "resolved": "https://registry.npmjs.org/n-gram/-/n-gram-2.0.2.tgz",
      "integrity": "sha512-S24aGsn+HLBxUGVAUFOwGpKs7LBcG4RudKU//eWzt/mQ97/NMKQxDWHyHx63UNWk/OOdihgmzoETn1tf5nQDzQ==",
      "license": "MIT",
      "funding": {
        "type": "github",
        "url": "https://github.com/sponsors/wooorm"
      }
    }
  }
}
